github.com/gorilla/mux v1.8.0 h1:i40aqfkR1h2SlN9hojwV5ZA91wcXFOvkdNIeFDP5koI=
github.com/gorilla/mux v1.8.0/go.mod h1:DVbg23sWSpFRCP0SfiEN6jmj59UnW/n46BH5rLB71So=
github.com/rlara-sarmiento/orwelly-api v0.0.0-20210618032542-15734f5e5958 h1:eEjBfBUVAG8uPxfH+Bj0JpL50RMLrH6dVRMJhGQbtAM=
github.com/rlara-sarmiento/orwelly-api v0.0.0-20210618032542-15734f5e5958/go.mod h1:fMdNlzR5z5Th3IkyGpVIvaaorat4BCaEltXEN5mbGBk=
